
Microsoft Visual Studio Solution File, Format Version 12.00
# Visual Studio Version 17
VisualStudioVersion = 17.4.33122.133
MinimumVisualStudioVersion = 10.0.40219.1
Project("{FAE04EC0-301F-11D3-BF4B-00C04F79EFBC}") = "Task1Standard", "Task1Standard\Task1Standard.csproj", "{C2620D4D-6B42-4BA5-B1F0-4E42581993CE}"
EndProject
Global
	GlobalSection(SolutionConfigurationPlatforms) = preSolution
		Debug|Any CPU = Debug|Any CPU
		Release|Any CPU = Release|Any CPU
	EndGlobalSection
	GlobalSection(ProjectConfigurationPlatforms) = postSolution
		{C2620D4D-6B42-4BA5-B1F0-4E42581993CE}.Debug|Any CPU.ActiveCfg = Debug|Any CPU
		{C2620D4D-6B42-4BA5-B1F0-4E42581993CE}.Debug|Any CPU.Build.0 = Debug|Any CPU
		{C2620D4D-6B42-4BA5-B1F0-4E42581993CE}.Release|Any CPU.ActiveCfg = Release|Any CPU
		{C2620D4D-6B42-4BA5-B1F0-4E42581993CE}.Release|Any CPU.Build.0 = Release|Any CPU
	EndGlobalSection
	GlobalSection(SolutionProperties) = preSolution
		HideSolutionNode = FALSE
	EndGlobalSection
	GlobalSection(ExtensibilityGlobals) = postSolution
		SolutionGuid = {A0254F10-A29F-4C9C-9506-02FC1611F8A9}
	EndGlobalSection
EndGlobal
